// !$*UTF8*$!
{
	archiveVersion = 1;
	classes = {
	};
	objectVersion = 46;
	objects = {

/* Begin PBXBuildFile section */
		E62BADB01E46064700706EA0 /* AppDelegate.swift in Sources */ = {isa = PBXBuildFile; fileRef = E62BADAF1E46064700706EA0 /* AppDelegate.swift */; };
		E62BADB21E46064700706EA0 /* ViewController.swift in Sources */ = {isa = PBXBuildFile; fileRef = E62BADB11E46064700706EA0 /* ViewController.swift */; };
		E62BADB51E46064700706EA0 /* Main.storyboard in Resources */ = {isa = PBXBuildFile; fileRef = E62BADB31E46064700706EA0 /* Main.storyboard */; };
		E62BADB71E46064700706EA0 /* Assets.xcassets in Resources */ = {isa = PBXBuildFile; fileRef = E62BADB61E46064700706EA0 /* Assets.xcassets */; };
		E62BADBA1E46064700706EA0 /* LaunchScreen.storyboard in Resources */ = {isa = PBXBuildFile; fileRef = E62BADB81E46064700706EA0 /* LaunchScreen.storyboard */; };
		E62BADC21E460BAD00706EA0 /* pokemon.csv in Resources */ = {isa = PBXBuildFile; fileRef = E62BADC11E460BAD00706EA0 /* pokemon.csv */; };
/* End PBXBuildFile section */

/* Begin PBXFileReference section */
		E62BADAC1E46064700706EA0 /* Pokelist.app */ = {isa = PBXFileReference; explicitFileType = wrapper.application; includeInIndex = 0; path = Pokelist.app; sourceTree = BUILT_PRODUCTS_DIR; };
		E62BADAF1E46064700706EA0 /* AppDelegate.swift */ = {isa = PBXFileReference; lastKnownFileType = sourcecode.swift; path = AppDelegate.swift; sourceTree = "<group>"; };
		E62BADB11E46064700706EA0 /* ViewController.swift */ = {isa = PBXFileReference; lastKnownFileType = sourcecode.swift; path = ViewController.swift; sourceTree = "<group>"; };
		E62BADB41E46064700706EA0 /* Base */ = {isa = PBXFileReference; lastKnownFileType = file.storyboard; name = Base; path = Base.lproj/Main.storyboard; sourceTree = "<group>"; };
		E62BADB61E46064700706EA0 /* Assets.xcassets */ = {isa = PBXFileReference; lastKnownFileType = folder.assetcatalog; path = Assets.xcassets; sourceTree = "<group>"; };
		E62BADB91E46064700706EA0 /* Base */ = {isa = PBXFileReference; lastKnownFileType = file.storyboard; name = Base; path = Base.lproj/LaunchScreen.storyboard; sourceTree = "<group>"; };
		E62BADBB1E46064700706EA0 /* Info.plist */ = {isa = PBXFileReference; lastKnownFileType = text.plist.xml; path = Info.plist; sourceTree = "<group>"; };
		E62BADC11E460BAD00706EA0 /* pokemon.csv */ = {isa = PBXFileReference; fileEncoding = 4; lastKnownFileType = text; path = pokemon.csv; sourceTree = "<group>"; };
/* End PBXFileReference section */

/* Begin PBXFrameworksBuildPhase section */
		E62BADA91E46064700706EA0 /* Frameworks */ = {
			isa = PBXFrameworksBuildPhase;
			buildActionMask = 2147483647;
			files = (
			);
			runOnlyForDeploymentPostprocessing = 0;
		};
/* End PBXFrameworksBuildPhase section */

/* Begin PBXGroup section */
		E62BADA31E46064700706EA0 = {
			isa = PBXGroup;
			children = (
				E62BADAE1E46064700706EA0 /* Pokelist */,
				E62BADAD1E46064700706EA0 /* Products */,
			);
			sourceTree = "<group>";
		};
		E62BADAD1E46064700706EA0 /* Products */ = {
			isa = PBXGroup;
			children = (
				E62BADAC1E46064700706EA0 /* Pokelist.app */,
			);
			name = Products;
			sourceTree = "<group>";
		};
		E62BADAE1E46064700706EA0 /* Pokelist */ = {
			isa = PBXGroup;
			children = (
				E62BADAF1E46064700706EA0 /* AppDelegate.swift */,
				E62BADB11E46064700706EA0 /* ViewController.swift */,
				E62BADB31E46064700706EA0 /* Main.storyboard */,
				E62BADB61E46064700706EA0 /* Assets.xcassets */,
				E62BADC11E460BAD00706EA0 /* pokemon.csv */,
				E62BADB81E46064700706EA0 /* LaunchScreen.storyboard */,
				E62BADBB1E46064700706EA0 /* Info.plist */,
			);
			path = Pokelist;
			sourceTree = "<group>";
		};
/* End PBXGroup section */

/* Begin PBXNativeTarget section */
		E62BADAB1E46064700706EA0 /* Pokelist */ = {
			isa = PBXNativeTarget;
			buildConfigurationList = E62BADBE1E46064700706EA0 /* Build configuration list for PBXNativeTarget "Pokelist" */;
			buildPhases = (
				E62BADA81E46064700706EA0 /* Sources */,
				E62BADA91E46064700706EA0 /* Frameworks */,
				E62BADAA1E46064700706EA0 /* Resources */,
			);
			buildRules = (
			);
			dependencies = (
			);
			name = Pokelist;
			productName = Pokelist;
			productReference = E62BADAC1E46064700706EA0 /* Pokelist.app */;
			productType = "com.apple.product-type.application";
		};
/* End PBXNativeTarget section */

/* Begin PBXProject section */
		E62BADA41E46064700706EA0 /* Project object */ = {
			isa = PBXProject;
			attributes = {
				LastSwiftUpdateCheck = 0820;
				LastUpgradeCheck = 0820;
				ORGANIZATIONNAME = "Dmytro Aprelenko";
				TargetAttributes = {
					E62BADAB1E46064700706EA0 = {
						CreatedOnToolsVersion = 8.2.1;
						DevelopmentTeam = 73P7ATGLB8;
						ProvisioningStyle = Automatic;
					};
				};
			};
			buildConfigurationList = E62BADA71E46064700706EA0 /* Build configuration list for PBXProject "Pokelist" */;
			compatibilityVersion = "Xcode 3.2";
			developmentRegion = English;
			hasScannedForEncodings = 0;
			knownRegions = (
				en,
				Base,
			);
			mainGroup = E62BADA31E46064700706EA0;
			productRefGroup = E62BADAD1E46064700706EA0 /* Products */;
			projectDirPath = "";
			projectRoot = "";
			targets = (
				E62BADAB1E46064700706EA0 /* Pokelist */,
			);
		};
/* End PBXProject section */

/* Begin PBXResourcesBuildPhase section */
		E62BADAA1E46064700706EA0 /* Resources */ = {
			isa = PBXResourcesBuildPhase;
			buildActionMask = 2147483647;
			files = (
				E62BADBA1E46064700706EA0 /* LaunchScreen.storyboard in Resources */,
				E62BADB71E46064700706EA0 /* Assets.xcassets in Resources */,
				E62BADC21E460BAD00706EA0 /* pokemon.csv in Resources */,
				E62BADB51E46064700706EA0 /* Main.storyboard in Resources */,
			);
			runOnlyForDeploymentPostprocessing = 0;
		};
/* End PBXResourcesBuildPhase section */

/* Begin PBXSourcesBuildPhase section */
		E62BADA81E46064700706EA0 /* Sources */ = {
			isa = PBXSourcesBuildPhase;
			buildActionMask = 2147483647;
			files = (
				E62BADB21E46064700706EA0 /* ViewController.swift in Sources */,
				E62BADB01E46064700706EA0 /* AppDelegate.swift in Sources */,
			);
			runOnlyForDeploymentPostprocessing = 0;
		};
/* End PBXSourcesBuildPhase section */

/* Begin PBXVariantGroup section */
		E62BADB31E46064700706EA0 /* Main.storyboard */ = {
			isa = PBXVariantGroup;
			children = (
				E62BADB41E46064700706EA0 /* Base */,
			);
			name = Main.storyboard;
			sourceTree = "<group>";
		};
		E62BADB81E46064700706EA0 /* LaunchScreen.storyboard */ = {
			isa = PBXVariantGroup;
			children = (
				E62BADB91E46064700706EA0 /* Base */,
			);
			name = LaunchScreen.storyboard;
			sourceTree = "<group>";
		};
/* End PBXVariantGroup section */

/* Begin XCBuildConfiguration section */
		E62BADBC1E46064700706EA0 /* Debug */ = {
			isa = XCBuildConfiguration;
			buildSettings = {
				ALWAYS_SEARCH_USER_PATHS = NO;
				CLANG_ANALYZER_NONNULL = YES;
				CLANG_CXX_LANGUAGE_STANDARD = "gnu++0x";
				CLANG_CXX_LIBRARY = "libc++";
				CLANG_ENABLE_MODULES = YES;
				CLANG_ENABLE_OBJC_ARC = YES;
				CLANG_WARN_BOOL_CONVERSION = YES;
				CLANG_WARN_CONSTANT_CONVERSION = YES;
				CLANG_WARN_DIRECT_OBJC_ISA_USAGE = YES_ERROR;
				CLANG_WARN_DOCUMENTATION_COMMENTS = YES;
				CLANG_WARN_EMPTY_BODY = YES;
				CLANG_WARN_ENUM_CONVERSION = YES;
				CLANG_WARN_INFINITE_RECURSION = YES;
				CLANG_WARN_INT_CONVERSION = YES;
				CLANG_WARN_OBJC_ROOT_CLASS = YES_ERROR;
				CLANG_WARN_SUSPICIOUS_MOVE = YES;
				CLANG_WARN_UNREACHABLE_CODE = YES;
				CLANG_WARN__DUPLICATE_METHOD_MATCH = YES;
				"CODE_SIGN_IDENTITY[sdk=iphoneos*]" = "iPhone Developer";
				COPY_PHASE_STRIP = NO;
				DEBUG_INFORMATION_FORMAT = dwarf;
				ENABLE_STRICT_OBJC_MSGSEND = YES;
				ENABLE_TESTABILITY = YES;
				GCC_C_LANGUAGE_STANDARD = gnu99;
				GCC_DYNAMIC_NO_PIC = NO;
				GCC_NO_COMMON_BLOCKS = YES;
				GCC_OPTIMIZATION_LEVEL = 0;
				GCC_PREPROCESSOR_DEFINITIONS = (
					"DEBUG=1",
					"$(inherited)",
				);
				GCC_WARN_64_TO_32_BIT_CONVERSION = YES;
				GCC_WARN_ABOUT_RETURN_TYPE = YES_ERROR;
				GCC_WARN_UNDECLARED_SELECTOR = YES;
				GCC_WARN_UNINITIALIZED_AUTOS = YES_AGGRESSIVE;
				GCC_WARN_UNUSED_FUNCTION = YES;
				GCC_WARN_UNUSED_VARIABLE = YES;
				IPHONEOS_DEPLOYMENT_TARGET = 10.2;
				MTL_ENABLE_DEBUG_INFO = YES;
				ONLY_ACTIVE_ARCH = YES;
				SDKROOT = iphoneos;
				SWIFT_ACTIVE_COMPILATION_CONDITIONS = DEBUG;
				SWIFT_OPTIMIZATION_LEVEL = "-Onone";
				TARGETED_DEVICE_FAMILY = "1,2";
			};
			name = Debug;
		};
		E62BADBD1E46064700706EA0 /* Release */ = {
			isa = XCBuildConfiguration;
			buildSettings = {
				ALWAYS_SEARCH_USER_PATHS = NO;
				CLANG_ANALYZER_NONNULL = YES;
				CLANG_CXX_LANGUAGE_STANDARD = "gnu++0x";
				CLANG_CXX_LIBRARY = "libc++";
				CLANG_ENABLE_MODULES = YES;
				CLANG_ENABLE_OBJC_ARC = YES;
				CLANG_WARN_BOOL_CONVERSION = YES;
				CLANG_WARN_CONSTANT_CONVERSION = YES;
				CLANG_WARN_DIRECT_OBJC_ISA_USAGE = YES_ERROR;
				CLANG_WARN_DOCUMENTATION_COMMENTS = YES;
				CLANG_WARN_EMPTY_BODY = YES;
				CLANG_WARN_ENUM_CONVERSION = YES;
				CLANG_WARN_INFINITE_RECURSION = YES;
				CLANG_WARN_INT_CONVERSION = YES;
				CLANG_WARN_OBJC_ROOT_CLASS = YES_ERROR;
				CLANG_WARN_SUSPICIOUS_MOVE = YES;
				CLANG_WARN_UNREACHABLE_CODE = YES;
				CLANG_WARN__DUPLICATE_METHOD_MATCH = YES;
				"CODE_SIGN_IDENTITY[sdk=iphoneos*]" = "iPhone Developer";
				COPY_PHASE_STRIP = NO;
				DEBUG_INFORMATION_FORMAT = "dwarf-with-dsym";
				ENABLE_NS_ASSERTIONS = NO;
				ENABLE_STRICT_OBJC_MSGSEND = YES;
				GCC_C_LANGUAGE_STANDARD = gnu99;
				GCC_NO_COMMON_BLOCKS = YES;
				GCC_WARN_64_TO_32_BIT_CONVERSION = YES;
				GCC_WARN_ABOUT_RETURN_TYPE = YES_ERROR;
				GCC_WARN_UNDECLARED_SELECTOR = YES;
				GCC_WARN_UNINITIALIZED_AUTOS = YES_AGGRESSIVE;
				GCC_WARN_UNUSED_FUNCTION = YES;
				GCC_WARN_UNUSED_VARIABLE = YES;
				IPHONEOS_DEPLOYMENT_TARGET = 10.2;
				MTL_ENABLE_DEBUG_INFO = NO;
				SDKROOT = iphoneos;
				SWIFT_OPTIMIZATION_LEVEL = "-Owholemodule";
				TARGETED_DEVICE_FAMILY = "1,2";
				VALIDATE_PRODUCT = YES;
			};
			name = Release;
		};
		E62BADBF1E46064700706EA0 /* Debug */ = {
			isa = XCBuildConfiguration;
			buildSettings = {
				ASSETCATALOG_COMPILER_APPICON_NAME = AppIcon;
				DEVELOPMENT_TEAM = 73P7ATGLB8;
				INFOPLIST_FILE = Pokelist/Info.plist;
				LD_RUNPATH_SEARCH_PATHS = "$(inherited) @executable_path/Frameworks";
				PRODUCT_BUNDLE_IDENTIFIER = Just66.Pokelist;
				PRODUCT_NAME = "$(TARGET_NAME)";
				SWIFT_VERSION = 3.0;
			};
			name = Debug;
		};
		E62BADC01E46064700706EA0 /* Release */ = {
			isa = XCBuildConfiguration;
			buildSettings = {
				ASSETCATALOG_COMPILER_APPICON_NAME = AppIcon;
				DEVELOPMENT_TEAM = 73P7ATGLB8;
				INFOPLIST_FILE = Pokelist/Info.plist;
				LD_RUNPATH_SEARCH_PATHS = "$(inherited) @executable_path/Frameworks";
				PRODUCT_BUNDLE_IDENTIFIER = Just66.Pokelist;
				PRODUCT_NAME = "$(TARGET_NAME)";
				SWIFT_VERSION = 3.0;
			};
			name = Release;
		};
/* End XCBuildConfiguration section */

/* Begin XCConfigurationList section */
		E62BADA71E46064700706EA0 /* Build configuration list for PBXProject "Pokelist" */ = {
			isa = XCConfigurationList;
			buildConfigurations = (
				E62BADBC1E46064700706EA0 /* Debug */,
				E62BADBD1E46064700706EA0 /* Release */,
			);
			defaultConfigurationIsVisible = 0;
			defaultConfigurationName = Release;
		};
		E62BADBE1E46064700706EA0 /* Build configuration list for PBXNativeTarget "Pokelist" */ = {
			isa = XCConfigurationList;
			buildConfigurations = (
				E62BADBF1E46064700706EA0 /* Debug */,
				E62BADC01E46064700706EA0 /* Release */,
			);
			defaultConfigurationIsVisible = 0;
		};
/* End XCConfigurationList section */
	};
	rootObject = E62BADA41E46064700706EA0 /* Project object */;
}
